
Microsoft Visual Studio Solution File, Format Version 12.00
# Visual Studio 2013
VisualStudioVersion = 12.0.30501.0
MinimumVisualStudioVersion = 10.0.40219.1
Project("{FAE04EC0-301F-11D3-BF4B-00C04F79EFBC}") = "AnimalChipSearch", "AnimalChipSearch\AnimalChipSearch.csproj", "{43D6D353-F203-4028-A6F1-765990A24CCC}"
EndProject
Project("{FAE04EC0-301F-11D3-BF4B-00C04F79EFBC}") = "SKKRegisterSok", "SKKRegisterSok\SKKRegisterSok.csproj", "{37DF90F5-943C-4CED-B2CF-5440C10EAC8D}"
EndProject
Global
	GlobalSection(SolutionConfigurationPlatforms) = preSolution
		Debug|Any CPU = Debug|Any CPU
		Release|Any CPU = Release|Any CPU
	EndGlobalSection
	GlobalSection(ProjectConfigurationPlatforms) = postSolution
		{43D6D353-F203-4028-A6F1-765990A24CCC}.Debug|Any CPU.ActiveCfg = Debug|Any CPU
		{43D6D353-F203-4028-A6F1-765990A24CCC}.Debug|Any CPU.Build.0 = Debug|Any CPU
		{43D6D353-F203-4028-A6F1-765990A24CCC}.Release|Any CPU.ActiveCfg = Release|Any CPU
		{43D6D353-F203-4028-A6F1-765990A24CCC}.Release|Any CPU.Build.0 = Release|Any CPU
		{37DF90F5-943C-4CED-B2CF-5440C10EAC8D}.Debug|Any CPU.ActiveCfg = Debug|Any CPU
		{37DF90F5-943C-4CED-B2CF-5440C10EAC8D}.Debug|Any CPU.Build.0 = Debug|Any CPU
		{37DF90F5-943C-4CED-B2CF-5440C10EAC8D}.Release|Any CPU.ActiveCfg = Release|Any CPU
		{37DF90F5-943C-4CED-B2CF-5440C10EAC8D}.Release|Any CPU.Build.0 = Release|Any CPU
	EndGlobalSection
	GlobalSection(SolutionProperties) = preSolution
		HideSolutionNode = FALSE
	EndGlobalSection
EndGlobal
